// !$*UTF8*$!
{
	archiveVersion = 1;
	classes = {
	};
	objectVersion = 46;
	objects = {

/* Begin PBXBuildFile section */
		0447C8301E8CB84D00FF89B1 /* File.swift in Sources */ = {isa = PBXBuildFile; fileRef = 0447C82F1E8CB84D00FF89B1 /* File.swift */; };
		0447C8331E8CBBEE00FF89B1 /* test_1.swift in Sources */ = {isa = PBXBuildFile; fileRef = 0447C8321E8CBBEE00FF89B1 /* test_1.swift */; };
		0447C8351E8CBBF900FF89B1 /* test_2.swift in Sources */ = {isa = PBXBuildFile; fileRef = 0447C8341E8CBBF900FF89B1 /* test_2.swift */; };
		0447C8371E8CBC0200FF89B1 /* test_3.swift in Sources */ = {isa = PBXBuildFile; fileRef = 0447C8361E8CBC0200FF89B1 /* test_3.swift */; };
		0447C83A1E8CBC2C00FF89B1 /* file_1.swift in Sources */ = {isa = PBXBuildFile; fileRef = 0447C8391E8CBC2C00FF89B1 /* file_1.swift */; };
		0447C83C1E8CBC3400FF89B1 /* file_2.swift in Sources */ = {isa = PBXBuildFile; fileRef = 0447C83B1E8CBC3400FF89B1 /* file_2.swift */; };
		F59D231B1E8CB55E00656350 /* AppDelegate.swift in Sources */ = {isa = PBXBuildFile; fileRef = F59D231A1E8CB55E00656350 /* AppDelegate.swift */; };
		F59D231D1E8CB55E00656350 /* ViewController.swift in Sources */ = {isa = PBXBuildFile; fileRef = F59D231C1E8CB55E00656350 /* ViewController.swift */; };
		F59D23201E8CB55E00656350 /* Main.storyboard in Resources */ = {isa = PBXBuildFile; fileRef = F59D231E1E8CB55E00656350 /* Main.storyboard */; };
		F59D23231E8CB55E00656350 /* Test.xcdatamodeld in Sources */ = {isa = PBXBuildFile; fileRef = F59D23211E8CB55E00656350 /* Test.xcdatamodeld */; };
		F59D23251E8CB55E00656350 /* Assets.xcassets in Resources */ = {isa = PBXBuildFile; fileRef = F59D23241E8CB55E00656350 /* Assets.xcassets */; };
		F59D23281E8CB55E00656350 /* LaunchScreen.storyboard in Resources */ = {isa = PBXBuildFile; fileRef = F59D23261E8CB55E00656350 /* LaunchScreen.storyboard */; };
		F59D23331E8CB55E00656350 /* TestTests.swift in Sources */ = {isa = PBXBuildFile; fileRef = F59D23321E8CB55E00656350 /* TestTests.swift */; };
		F59D233E1E8CB55E00656350 /* TestUITests.swift in Sources */ = {isa = PBXBuildFile; fileRef = F59D233D1E8CB55E00656350 /* TestUITests.swift */; };
/* End PBXBuildFile section */

/* Begin PBXContainerItemProxy section */
		F59D232F1E8CB55E00656350 /* PBXContainerItemProxy */ = {
			isa = PBXContainerItemProxy;
			containerPortal = F59D230F1E8CB55E00656350 /* Project object */;
			proxyType = 1;
			remoteGlobalIDString = F59D23161E8CB55E00656350;
			remoteInfo = Test;
		};
		F59D233A1E8CB55E00656350 /* PBXContainerItemProxy */ = {
			isa = PBXContainerItemProxy;
			containerPortal = F59D230F1E8CB55E00656350 /* Project object */;
			proxyType = 1;
			remoteGlobalIDString = F59D23161E8CB55E00656350;
			remoteInfo = Test;
		};
/* End PBXContainerItemProxy section */

/* Begin PBXFileReference section */
		0447C82F1E8CB84D00FF89B1 /* File.swift */ = {isa = PBXFileReference; fileEncoding = 4; lastKnownFileType = sourcecode.swift; path = File.swift; sourceTree = "<group>"; };
		0447C8321E8CBBEE00FF89B1 /* test_1.swift */ = {isa = PBXFileReference; fileEncoding = 4; lastKnownFileType = sourcecode.swift; path = test_1.swift; sourceTree = "<group>"; };
		0447C8341E8CBBF900FF89B1 /* test_2.swift */ = {isa = PBXFileReference; fileEncoding = 4; lastKnownFileType = sourcecode.swift; path = test_2.swift; sourceTree = "<group>"; };
		0447C8361E8CBC0200FF89B1 /* test_3.swift */ = {isa = PBXFileReference; fileEncoding = 4; lastKnownFileType = sourcecode.swift; path = test_3.swift; sourceTree = "<group>"; };
		0447C8391E8CBC2C00FF89B1 /* file_1.swift */ = {isa = PBXFileReference; fileEncoding = 4; lastKnownFileType = sourcecode.swift; path = file_1.swift; sourceTree = "<group>"; };
		0447C83B1E8CBC3400FF89B1 /* file_2.swift */ = {isa = PBXFileReference; fileEncoding = 4; lastKnownFileType = sourcecode.swift; path = file_2.swift; sourceTree = "<group>"; };
		F59D23171E8CB55E00656350 /* Test.app */ = {isa = PBXFileReference; explicitFileType = wrapper.application; includeInIndex = 0; path = Test.app; sourceTree = BUILT_PRODUCTS_DIR; };
		F59D231A1E8CB55E00656350 /* AppDelegate.swift */ = {isa = PBXFileReference; lastKnownFileType = sourcecode.swift; path = AppDelegate.swift; sourceTree = "<group>"; };
		F59D231C1E8CB55E00656350 /* ViewController.swift */ = {isa = PBXFileReference; lastKnownFileType = sourcecode.swift; path = ViewController.swift; sourceTree = "<group>"; };
		F59D231F1E8CB55E00656350 /* Base */ = {isa = PBXFileReference; lastKnownFileType = file.storyboard; name = Base; path = Base.lproj/Main.storyboard; sourceTree = "<group>"; };
		F59D23221E8CB55E00656350 /* Test.xcdatamodel */ = {isa = PBXFileReference; lastKnownFileType = wrapper.xcdatamodel; path = Test.xcdatamodel; sourceTree = "<group>"; };
		F59D23241E8CB55E00656350 /* Assets.xcassets */ = {isa = PBXFileReference; lastKnownFileType = folder.assetcatalog; path = Assets.xcassets; sourceTree = "<group>"; };
		F59D23271E8CB55E00656350 /* Base */ = {isa = PBXFileReference; lastKnownFileType = file.storyboard; name = Base; path = Base.lproj/LaunchScreen.storyboard; sourceTree = "<group>"; };
		F59D23291E8CB55E00656350 /* Info.plist */ = {isa = PBXFileReference; lastKnownFileType = text.plist.xml; path = Info.plist; sourceTree = "<group>"; };
		F59D232E1E8CB55E00656350 /* TestTests.xctest */ = {isa = PBXFileReference; explicitFileType = wrapper.cfbundle; includeInIndex = 0; path = TestTests.xctest; sourceTree = BUILT_PRODUCTS_DIR; };
		F59D23321E8CB55E00656350 /* TestTests.swift */ = {isa = PBXFileReference; lastKnownFileType = sourcecode.swift; path = TestTests.swift; sourceTree = "<group>"; };
		F59D23341E8CB55E00656350 /* Info.plist */ = {isa = PBXFileReference; lastKnownFileType = text.plist.xml; path = Info.plist; sourceTree = "<group>"; };
		F59D23391E8CB55E00656350 /* TestUITests.xctest */ = {isa = PBXFileReference; explicitFileType = wrapper.cfbundle; includeInIndex = 0; path = TestUITests.xctest; sourceTree = BUILT_PRODUCTS_DIR; };
		F59D233D1E8CB55E00656350 /* TestUITests.swift */ = {isa = PBXFileReference; lastKnownFileType = sourcecode.swift; path = TestUITests.swift; sourceTree = "<group>"; };
		F59D233F1E8CB55E00656350 /* Info.plist */ = {isa = PBXFileReference; lastKnownFileType = text.plist.xml; path = Info.plist; sourceTree = "<group>"; };
/* End PBXFileReference section */

/* Begin PBXFrameworksBuildPhase section */
		F59D23141E8CB55E00656350 /* Frameworks */ = {
			isa = PBXFrameworksBuildPhase;
			buildActionMask = 2147483647;
			files = (
			);
			runOnlyForDeploymentPostprocessing = 0;
		};
		F59D232B1E8CB55E00656350 /* Frameworks */ = {
			isa = PBXFrameworksBuildPhase;
			buildActionMask = 2147483647;
			files = (
			);
			runOnlyForDeploymentPostprocessing = 0;
		};
		F59D23361E8CB55E00656350 /* Frameworks */ = {
			isa = PBXFrameworksBuildPhase;
			buildActionMask = 2147483647;
			files = (
			);
			runOnlyForDeploymentPostprocessing = 0;
		};
/* End PBXFrameworksBuildPhase section */

/* Begin PBXGroup section */
		0447C8311E8CBBD600FF89B1 /* folder_1 */ = {
			isa = PBXGroup;
			children = (
				0447C8321E8CBBEE00FF89B1 /* test_1.swift */,
				0447C8341E8CBBF900FF89B1 /* test_2.swift */,
				0447C8361E8CBC0200FF89B1 /* test_3.swift */,
			);
			name = folder_1;
			sourceTree = "<group>";
		};
		0447C8381E8CBC1500FF89B1 /* folder_2 */ = {
			isa = PBXGroup;
			children = (
				0447C8391E8CBC2C00FF89B1 /* file_1.swift */,
				0447C83B1E8CBC3400FF89B1 /* file_2.swift */,
			);
			name = folder_2;
			sourceTree = "<group>";
		};
		F59D230E1E8CB55E00656350 = {
			isa = PBXGroup;
			children = (
				F59D23191E8CB55E00656350 /* Test */,
				F59D23311E8CB55E00656350 /* TestTests */,
				F59D233C1E8CB55E00656350 /* TestUITests */,
				F59D23181E8CB55E00656350 /* Products */,
			);
			sourceTree = "<group>";
		};
		F59D23181E8CB55E00656350 /* Products */ = {
			isa = PBXGroup;
			children = (
				F59D23171E8CB55E00656350 /* Test.app */,
				F59D232E1E8CB55E00656350 /* TestTests.xctest */,
				F59D23391E8CB55E00656350 /* TestUITests.xctest */,
			);
			name = Products;
			sourceTree = "<group>";
		};
		F59D23191E8CB55E00656350 /* Test */ = {
			isa = PBXGroup;
			children = (
				0447C8381E8CBC1500FF89B1 /* folder_2 */,
				0447C8311E8CBBD600FF89B1 /* folder_1 */,
				F59D231A1E8CB55E00656350 /* AppDelegate.swift */,
				F59D231C1E8CB55E00656350 /* ViewController.swift */,
				F59D231E1E8CB55E00656350 /* Main.storyboard */,
				F59D23241E8CB55E00656350 /* Assets.xcassets */,
				F59D23261E8CB55E00656350 /* LaunchScreen.storyboard */,
				F59D23291E8CB55E00656350 /* Info.plist */,
				F59D23211E8CB55E00656350 /* Test.xcdatamodeld */,
				0447C82F1E8CB84D00FF89B1 /* File.swift */,
			);
			path = Test;
			sourceTree = "<group>";
		};
		F59D23311E8CB55E00656350 /* TestTests */ = {
			isa = PBXGroup;
			children = (
				F59D23321E8CB55E00656350 /* TestTests.swift */,
				F59D23341E8CB55E00656350 /* Info.plist */,
			);
			path = TestTests;
			sourceTree = "<group>";
		};
		F59D233C1E8CB55E00656350 /* TestUITests */ = {
			isa = PBXGroup;
			children = (
				F59D233D1E8CB55E00656350 /* TestUITests.swift */,
				F59D233F1E8CB55E00656350 /* Info.plist */,
			);
			path = TestUITests;
			sourceTree = "<group>";
		};
/* End PBXGroup section */

/* Begin PBXNativeTarget section */
		F59D23161E8CB55E00656350 /* Test */ = {
			isa = PBXNativeTarget;
			buildConfigurationList = F59D23421E8CB55E00656350 /* Build configuration list for PBXNativeTarget "Test" */;
			buildPhases = (
				F59D23131E8CB55E00656350 /* Sources */,
				F59D23141E8CB55E00656350 /* Frameworks */,
				F59D23151E8CB55E00656350 /* Resources */,
			);
			buildRules = (
			);
			dependencies = (
			);
			name = Test;
			productName = Test;
			productReference = F59D23171E8CB55E00656350 /* Test.app */;
			productType = "com.apple.product-type.application";
		};
		F59D232D1E8CB55E00656350 /* TestTests */ = {
			isa = PBXNativeTarget;
			buildConfigurationList = F59D23451E8CB55E00656350 /* Build configuration list for PBXNativeTarget "TestTests" */;
			buildPhases = (
				F59D232A1E8CB55E00656350 /* Sources */,
				F59D232B1E8CB55E00656350 /* Frameworks */,
				F59D232C1E8CB55E00656350 /* Resources */,
			);
			buildRules = (
			);
			dependencies = (
				F59D23301E8CB55E00656350 /* PBXTargetDependency */,
			);
			name = TestTests;
			productName = TestTests;
			productReference = F59D232E1E8CB55E00656350 /* TestTests.xctest */;
			productType = "com.apple.product-type.bundle.unit-test";
		};
		F59D23381E8CB55E00656350 /* TestUITests */ = {
			isa = PBXNativeTarget;
			buildConfigurationList = F59D23481E8CB55E00656350 /* Build configuration list for PBXNativeTarget "TestUITests" */;
			buildPhases = (
				F59D23351E8CB55E00656350 /* Sources */,
				F59D23361E8CB55E00656350 /* Frameworks */,
				F59D23371E8CB55E00656350 /* Resources */,
			);
			buildRules = (
			);
			dependencies = (
				F59D233B1E8CB55E00656350 /* PBXTargetDependency */,
			);
			name = TestUITests;
			productName = TestUITests;
			productReference = F59D23391E8CB55E00656350 /* TestUITests.xctest */;
			productType = "com.apple.product-type.bundle.ui-testing";
		};
/* End PBXNativeTarget section */

/* Begin PBXProject section */
		F59D230F1E8CB55E00656350 /* Project object */ = {
			isa = PBXProject;
			attributes = {
				LastSwiftUpdateCheck = 0820;
				LastUpgradeCheck = 0820;
				ORGANIZATIONNAME = poscantho;
				TargetAttributes = {
					F59D23161E8CB55E00656350 = {
						CreatedOnToolsVersion = 8.2.1;
						DevelopmentTeam = W98345Q484;
						ProvisioningStyle = Automatic;
					};
					F59D232D1E8CB55E00656350 = {
						CreatedOnToolsVersion = 8.2.1;
						DevelopmentTeam = W98345Q484;
						ProvisioningStyle = Automatic;
						TestTargetID = F59D23161E8CB55E00656350;
					};
					F59D23381E8CB55E00656350 = {
						CreatedOnToolsVersion = 8.2.1;
						DevelopmentTeam = W98345Q484;
						ProvisioningStyle = Automatic;
						TestTargetID = F59D23161E8CB55E00656350;
					};
				};
			};
			buildConfigurationList = F59D23121E8CB55E00656350 /* Build configuration list for PBXProject "Test" */;
			compatibilityVersion = "Xcode 3.2";
			developmentRegion = English;
			hasScannedForEncodings = 0;
			knownRegions = (
				en,
				Base,
			);
			mainGroup = F59D230E1E8CB55E00656350;
			productRefGroup = F59D23181E8CB55E00656350 /* Products */;
			projectDirPath = "";
			projectRoot = "";
			targets = (
				F59D23161E8CB55E00656350 /* Test */,
				F59D232D1E8CB55E00656350 /* TestTests */,
				F59D23381E8CB55E00656350 /* TestUITests */,
			);
		};
/* End PBXProject section */

/* Begin PBXResourcesBuildPhase section */
		F59D23151E8CB55E00656350 /* Resources */ = {
			isa = PBXResourcesBuildPhase;
			buildActionMask = 2147483647;
			files = (
				F59D23281E8CB55E00656350 /* LaunchScreen.storyboard in Resources */,
				F59D23251E8CB55E00656350 /* Assets.xcassets in Resources */,
				F59D23201E8CB55E00656350 /* Main.storyboard in Resources */,
			);
			runOnlyForDeploymentPostprocessing = 0;
		};
		F59D232C1E8CB55E00656350 /* Resources */ = {
			isa = PBXResourcesBuildPhase;
			buildActionMask = 2147483647;
			files = (
			);
			runOnlyForDeploymentPostprocessing = 0;
		};
		F59D23371E8CB55E00656350 /* Resources */ = {
			isa = PBXResourcesBuildPhase;
			buildActionMask = 2147483647;
			files = (
			);
			runOnlyForDeploymentPostprocessing = 0;
		};
/* End PBXResourcesBuildPhase section */

/* Begin PBXSourcesBuildPhase section */
		F59D23131E8CB55E00656350 /* Sources */ = {
			isa = PBXSourcesBuildPhase;
			buildActionMask = 2147483647;
			files = (
				F59D231D1E8CB55E00656350 /* ViewController.swift in Sources */,
				0447C8301E8CB84D00FF89B1 /* File.swift in Sources */,
				0447C8351E8CBBF900FF89B1 /* test_2.swift in Sources */,
				F59D231B1E8CB55E00656350 /* AppDelegate.swift in Sources */,
				0447C83C1E8CBC3400FF89B1 /* file_2.swift in Sources */,
				0447C8331E8CBBEE00FF89B1 /* test_1.swift in Sources */,
				F59D23231E8CB55E00656350 /* Test.xcdatamodeld in Sources */,
				0447C8371E8CBC0200FF89B1 /* test_3.swift in Sources */,
				0447C83A1E8CBC2C00FF89B1 /* file_1.swift in Sources */,
			);
			runOnlyForDeploymentPostprocessing = 0;
		};
		F59D232A1E8CB55E00656350 /* Sources */ = {
			isa = PBXSourcesBuildPhase;
			buildActionMask = 2147483647;
			files = (
				F59D23331E8CB55E00656350 /* TestTests.swift in Sources */,
			);
			runOnlyForDeploymentPostprocessing = 0;
		};
		F59D23351E8CB55E00656350 /* Sources */ = {
			isa = PBXSourcesBuildPhase;
			buildActionMask = 2147483647;
			files = (
				F59D233E1E8CB55E00656350 /* TestUITests.swift in Sources */,
			);
			runOnlyForDeploymentPostprocessing = 0;
		};
/* End PBXSourcesBuildPhase section */

/* Begin PBXTargetDependency section */
		F59D23301E8CB55E00656350 /* PBXTargetDependency */ = {
			isa = PBXTargetDependency;
			target = F59D23161E8CB55E00656350 /* Test */;
			targetProxy = F59D232F1E8CB55E00656350 /* PBXContainerItemProxy */;
		};
		F59D233B1E8CB55E00656350 /* PBXTargetDependency */ = {
			isa = PBXTargetDependency;
			target = F59D23161E8CB55E00656350 /* Test */;
			targetProxy = F59D233A1E8CB55E00656350 /* PBXContainerItemProxy */;
		};
/* End PBXTargetDependency section */

/* Begin PBXVariantGroup section */
		F59D231E1E8CB55E00656350 /* Main.storyboard */ = {
			isa = PBXVariantGroup;
			children = (
				F59D231F1E8CB55E00656350 /* Base */,
			);
			name = Main.storyboard;
			sourceTree = "<group>";
		};
		F59D23261E8CB55E00656350 /* LaunchScreen.storyboard */ = {
			isa = PBXVariantGroup;
			children = (
				F59D23271E8CB55E00656350 /* Base */,
			);
			name = LaunchScreen.storyboard;
			sourceTree = "<group>";
		};
/* End PBXVariantGroup section */

/* Begin XCBuildConfiguration section */
		F59D23401E8CB55E00656350 /* Debug */ = {
			isa = XCBuildConfiguration;
			buildSettings = {
				ALWAYS_SEARCH_USER_PATHS = NO;
				CLANG_ANALYZER_NONNULL = YES;
				CLANG_CXX_LANGUAGE_STANDARD = "gnu++0x";
				CLANG_CXX_LIBRARY = "libc++";
				CLANG_ENABLE_MODULES = YES;
				CLANG_ENABLE_OBJC_ARC = YES;
				CLANG_WARN_BOOL_CONVERSION = YES;
				CLANG_WARN_CONSTANT_CONVERSION = YES;
				CLANG_WARN_DIRECT_OBJC_ISA_USAGE = YES_ERROR;
				CLANG_WARN_DOCUMENTATION_COMMENTS = YES;
				CLANG_WARN_EMPTY_BODY = YES;
				CLANG_WARN_ENUM_CONVERSION = YES;
				CLANG_WARN_INFINITE_RECURSION = YES;
				CLANG_WARN_INT_CONVERSION = YES;
				CLANG_WARN_OBJC_ROOT_CLASS = YES_ERROR;
				CLANG_WARN_SUSPICIOUS_MOVE = YES;
				CLANG_WARN_UNREACHABLE_CODE = YES;
				CLANG_WARN__DUPLICATE_METHOD_MATCH = YES;
				"CODE_SIGN_IDENTITY[sdk=iphoneos*]" = "iPhone Developer";
				COPY_PHASE_STRIP = NO;
				DEBUG_INFORMATION_FORMAT = dwarf;
				ENABLE_STRICT_OBJC_MSGSEND = YES;
				ENABLE_TESTABILITY = YES;
				GCC_C_LANGUAGE_STANDARD = gnu99;
				GCC_DYNAMIC_NO_PIC = NO;
				GCC_NO_COMMON_BLOCKS = YES;
				GCC_OPTIMIZATION_LEVEL = 0;
				GCC_PREPROCESSOR_DEFINITIONS = (
					"DEBUG=1",
					"$(inherited)",
				);
				GCC_WARN_64_TO_32_BIT_CONVERSION = YES;
				GCC_WARN_ABOUT_RETURN_TYPE = YES_ERROR;
				GCC_WARN_UNDECLARED_SELECTOR = YES;
				GCC_WARN_UNINITIALIZED_AUTOS = YES_AGGRESSIVE;
				GCC_WARN_UNUSED_FUNCTION = YES;
				GCC_WARN_UNUSED_VARIABLE = YES;
				IPHONEOS_DEPLOYMENT_TARGET = 10.2;
				MTL_ENABLE_DEBUG_INFO = YES;
				ONLY_ACTIVE_ARCH = YES;
				SDKROOT = iphoneos;
				SWIFT_ACTIVE_COMPILATION_CONDITIONS = DEBUG;
				SWIFT_OPTIMIZATION_LEVEL = "-Onone";
			};
			name = Debug;
		};
		F59D23411E8CB55E00656350 /* Release */ = {
			isa = XCBuildConfiguration;
			buildSettings = {
				ALWAYS_SEARCH_USER_PATHS = NO;
				CLANG_ANALYZER_NONNULL = YES;
				CLANG_CXX_LANGUAGE_STANDARD = "gnu++0x";
				CLANG_CXX_LIBRARY = "libc++";
				CLANG_ENABLE_MODULES = YES;
				CLANG_ENABLE_OBJC_ARC = YES;
				CLANG_WARN_BOOL_CONVERSION = YES;
				CLANG_WARN_CONSTANT_CONVERSION = YES;
				CLANG_WARN_DIRECT_OBJC_ISA_USAGE = YES_ERROR;
				CLANG_WARN_DOCUMENTATION_COMMENTS = YES;
				CLANG_WARN_EMPTY_BODY = YES;
				CLANG_WARN_ENUM_CONVERSION = YES;
				CLANG_WARN_INFINITE_RECURSION = YES;
				CLANG_WARN_INT_CONVERSION = YES;
				CLANG_WARN_OBJC_ROOT_CLASS = YES_ERROR;
				CLANG_WARN_SUSPICIOUS_MOVE = YES;
				CLANG_WARN_UNREACHABLE_CODE = YES;
				CLANG_WARN__DUPLICATE_METHOD_MATCH = YES;
				"CODE_SIGN_IDENTITY[sdk=iphoneos*]" = "iPhone Developer";
				COPY_PHASE_STRIP = NO;
				DEBUG_INFORMATION_FORMAT = "dwarf-with-dsym";
				ENABLE_NS_ASSERTIONS = NO;
				ENABLE_STRICT_OBJC_MSGSEND = YES;
				GCC_C_LANGUAGE_STANDARD = gnu99;
				GCC_NO_COMMON_BLOCKS = YES;
				GCC_WARN_64_TO_32_BIT_CONVERSION = YES;
				GCC_WARN_ABOUT_RETURN_TYPE = YES_ERROR;
				GCC_WARN_UNDECLARED_SELECTOR = YES;
				GCC_WARN_UNINITIALIZED_AUTOS = YES_AGGRESSIVE;
				GCC_WARN_UNUSED_FUNCTION = YES;
				GCC_WARN_UNUSED_VARIABLE = YES;
				IPHONEOS_DEPLOYMENT_TARGET = 10.2;
				MTL_ENABLE_DEBUG_INFO = NO;
				SDKROOT = iphoneos;
				SWIFT_OPTIMIZATION_LEVEL = "-Owholemodule";
				VALIDATE_PRODUCT = YES;
			};
			name = Release;
		};
		F59D23431E8CB55E00656350 /* Debug */ = {
			isa = XCBuildConfiguration;
			buildSettings = {
				ASSETCATALOG_COMPILER_APPICON_NAME = AppIcon;
				DEVELOPMENT_TEAM = W98345Q484;
				INFOPLIST_FILE = Test/Info.plist;
				LD_RUNPATH_SEARCH_PATHS = "$(inherited) @executable_path/Frameworks";
				PRODUCT_BUNDLE_IDENTIFIER = poscantho.Test;
				PRODUCT_NAME = "$(TARGET_NAME)";
				SWIFT_VERSION = 3.0;
			};
			name = Debug;
		};
		F59D23441E8CB55E00656350 /* Release */ = {
			isa = XCBuildConfiguration;
			buildSettings = {
				ASSETCATALOG_COMPILER_APPICON_NAME = AppIcon;
				DEVELOPMENT_TEAM = W98345Q484;
				INFOPLIST_FILE = Test/Info.plist;
				LD_RUNPATH_SEARCH_PATHS = "$(inherited) @executable_path/Frameworks";
				PRODUCT_BUNDLE_IDENTIFIER = poscantho.Test;
				PRODUCT_NAME = "$(TARGET_NAME)";
				SWIFT_VERSION = 3.0;
			};
			name = Release;
		};
		F59D23461E8CB55E00656350 /* Debug */ = {
			isa = XCBuildConfiguration;
			buildSettings = {
				ALWAYS_EMBED_SWIFT_STANDARD_LIBRARIES = YES;
				BUNDLE_LOADER = "$(TEST_HOST)";
				DEVELOPMENT_TEAM = W98345Q484;
				INFOPLIST_FILE = TestTests/Info.plist;
				LD_RUNPATH_SEARCH_PATHS = "$(inherited) @executable_path/Frameworks @loader_path/Frameworks";
				PRODUCT_BUNDLE_IDENTIFIER = poscantho.TestTests;
				PRODUCT_NAME = "$(TARGET_NAME)";
				SWIFT_VERSION = 3.0;
				TEST_HOST = "$(BUILT_PRODUCTS_DIR)/Test.app/Test";
			};
			name = Debug;
		};
		F59D23471E8CB55E00656350 /* Release */ = {
			isa = XCBuildConfiguration;
			buildSettings = {
				ALWAYS_EMBED_SWIFT_STANDARD_LIBRARIES = YES;
				BUNDLE_LOADER = "$(TEST_HOST)";
				DEVELOPMENT_TEAM = W98345Q484;
				INFOPLIST_FILE = TestTests/Info.plist;
				LD_RUNPATH_SEARCH_PATHS = "$(inherited) @executable_path/Frameworks @loader_path/Frameworks";
				PRODUCT_BUNDLE_IDENTIFIER = poscantho.TestTests;
				PRODUCT_NAME = "$(TARGET_NAME)";
				SWIFT_VERSION = 3.0;
				TEST_HOST = "$(BUILT_PRODUCTS_DIR)/Test.app/Test";
			};
			name = Release;
		};
		F59D23491E8CB55E00656350 /* Debug */ = {
			isa = XCBuildConfiguration;
			buildSettings = {
				ALWAYS_EMBED_SWIFT_STANDARD_LIBRARIES = YES;
				DEVELOPMENT_TEAM = W98345Q484;
				INFOPLIST_FILE = TestUITests/Info.plist;
				LD_RUNPATH_SEARCH_PATHS = "$(inherited) @executable_path/Frameworks @loader_path/Frameworks";
				PRODUCT_BUNDLE_IDENTIFIER = poscantho.TestUITests;
				PRODUCT_NAME = "$(TARGET_NAME)";
				SWIFT_VERSION = 3.0;
				TEST_TARGET_NAME = Test;
			};
			name = Debug;
		};
		F59D234A1E8CB55E00656350 /* Release */ = {
			isa = XCBuildConfiguration;
			buildSettings = {
				ALWAYS_EMBED_SWIFT_STANDARD_LIBRARIES = YES;
				DEVELOPMENT_TEAM = W98345Q484;
				INFOPLIST_FILE = TestUITests/Info.plist;
				LD_RUNPATH_SEARCH_PATHS = "$(inherited) @executable_path/Frameworks @loader_path/Frameworks";
				PRODUCT_BUNDLE_IDENTIFIER = poscantho.TestUITests;
				PRODUCT_NAME = "$(TARGET_NAME)";
				SWIFT_VERSION = 3.0;
				TEST_TARGET_NAME = Test;
			};
			name = Release;
		};
/* End XCBuildConfiguration section */

/* Begin XCConfigurationList section */
		F59D23121E8CB55E00656350 /* Build configuration list for PBXProject "Test" */ = {
			isa = XCConfigurationList;
			buildConfigurations = (
				F59D23401E8CB55E00656350 /* Debug */,
				F59D23411E8CB55E00656350 /* Release */,
			);
			defaultConfigurationIsVisible = 0;
			defaultConfigurationName = Release;
		};
		F59D23421E8CB55E00656350 /* Build configuration list for PBXNativeTarget "Test" */ = {
			isa = XCConfigurationList;
			buildConfigurations = (
				F59D23431E8CB55E00656350 /* Debug */,
				F59D23441E8CB55E00656350 /* Release */,
			);
			defaultConfigurationIsVisible = 0;
			defaultConfigurationName = Release;
		};
		F59D23451E8CB55E00656350 /* Build configuration list for PBXNativeTarget "TestTests" */ = {
			isa = XCConfigurationList;
			buildConfigurations = (
				F59D23461E8CB55E00656350 /* Debug */,
				F59D23471E8CB55E00656350 /* Release */,
			);
			defaultConfigurationIsVisible = 0;
			defaultConfigurationName = Release;
		};
		F59D23481E8CB55E00656350 /* Build configuration list for PBXNativeTarget "TestUITests" */ = {
			isa = XCConfigurationList;
			buildConfigurations = (
				F59D23491E8CB55E00656350 /* Debug */,
				F59D234A1E8CB55E00656350 /* Release */,
			);
			defaultConfigurationIsVisible = 0;
			defaultConfigurationName = Release;
		};
/* End XCConfigurationList section */

/* Begin XCVersionGroup section */
		F59D23211E8CB55E00656350 /* Test.xcdatamodeld */ = {
			isa = XCVersionGroup;
			children = (
				F59D23221E8CB55E00656350 /* Test.xcdatamodel */,
			);
			currentVersion = F59D23221E8CB55E00656350 /* Test.xcdatamodel */;
			path = Test.xcdatamodeld;
			sourceTree = "<group>";
			versionGroupType = wrapper.xcdatamodel;
		};
/* End XCVersionGroup section */
	};
	rootObject = F59D230F1E8CB55E00656350 /* Project object */;
}
